
Microsoft Visual Studio Solution File, Format Version 12.00
# Visual Studio Version 17
VisualStudioVersion = 17.4.33122.133
MinimumVisualStudioVersion = 10.0.40219.1
Project("{9A19103F-16F7-4668-BE54-9A1E7A4F7556}") = "Uppgift2", "DogTracker\Uppgift2.csproj", "{43F20D7B-0426-4CE8-9973-280113E60386}"
EndProject
Global
	GlobalSection(SolutionConfigurationPlatforms) = preSolution
		Debug|Any CPU = Debug|Any CPU
		Release|Any CPU = Release|Any CPU
	EndGlobalSection
	GlobalSection(ProjectConfigurationPlatforms) = postSolution
		{43F20D7B-0426-4CE8-9973-280113E60386}.Debug|Any CPU.ActiveCfg = Debug|Any CPU
		{43F20D7B-0426-4CE8-9973-280113E60386}.Debug|Any CPU.Build.0 = Debug|Any CPU
		{43F20D7B-0426-4CE8-9973-280113E60386}.Release|Any CPU.ActiveCfg = Release|Any CPU
		{43F20D7B-0426-4CE8-9973-280113E60386}.Release|Any CPU.Build.0 = Release|Any CPU
	EndGlobalSection
	GlobalSection(SolutionProperties) = preSolution
		HideSolutionNode = FALSE
	EndGlobalSection
	GlobalSection(ExtensibilityGlobals) = postSolution
		SolutionGuid = {A3BAADE3-1065-4B5A-87EE-5F869BA900E5}
	EndGlobalSection
EndGlobal
